PODS:
  - ChameleonFramework (2.1.0):
    - ChameleonFramework/Default (= 2.1.0)
  - ChameleonFramework/Default (2.1.0)

DEPENDENCIES:
  - ChameleonFramework

SPEC CHECKSUMS:
  ChameleonFramework: d21a3cc247abfe5e37609a283a8238b03575cf64

PODFILE CHECKSUM: 88f9de4e55383d308f8ba4771c3dcdcf7822a570

COCOAPODS: 1.1.1
