PODS:
  - ChameleonFramework (2.1.0):
    - ChameleonFramework/Default (= 2.1.0)
  - ChameleonFramework/Default (2.1.0)
  - Crashlytics (3.8.3):
    - Fabric (~> 1.6.3)
  - Fabric (1.6.11)
  - HSDatePickerViewController (1.0.4)
  - IQKeyboardManager (4.0.7)
  - MGSwipeTableCell (1.5.6)

DEPENDENCIES:
  - ChameleonFramework
  - Crashlytics
  - Fabric
  - HSDatePickerViewController (~> 1.0)
  - IQKeyboardManager
  - MGSwipeTableCell

SPEC CHECKSUMS:
  ChameleonFramework: d21a3cc247abfe5e37609a283a8238b03575cf64
  Crashlytics: 2b6dbe138a42395577cfa73dfa1aa7248cadf39e
  Fabric: 5911403591946b8228ab1c51d98f1d7137e863c6
  HSDatePickerViewController: 5a72b71f8c3b10e76f2c28a898f8572b551432a6
  IQKeyboardManager: 69002bb4fea60596b710e57d426abc00e5063630
  MGSwipeTableCell: 616700eb0ffd1c611ba909066cb7fd739790a0a7

PODFILE CHECKSUM: 3e4ca4021aa5437b883b8cf4e8b927028333d3a0

COCOAPODS: 1.1.1
